{
  "name": "examples",
  "version": "1.0.0",
  "lockfileVersion": 2,
  "requires": true,
  "packages": {
    "": {
      "name": "examples",
      "version": "1.0.0",
      "license": "ISC",
      "dependencies": {
        "yandex-cloud": "file:.."
      }
    },
    "..": {
      "version": "1.4.3",
      "license": "MIT",
      "dependencies": {
        "@grpc/grpc-js": "https://gitpkg.now.sh/DavyJohnes/grpc-node/packages/grpc-js?fix-class-options-issue-with-dist",
        "jsonwebtoken": "^8.5.1",
        "lodash": "^4.17.21",
        "log4js": "^6.3.0",
        "luxon": "^2.2.0",
        "nice-grpc": "^1.0.4",
        "nice-grpc-client-middleware-deadline": "^1.0.4",
        "node-fetch": "^3.1.0",
        "protobufjs": "^6.8.8",
        "utility-types": "^3.10.0"
      },
      "devDependencies": {
        "@types/jest": "^27.0.3",
        "@types/jsonwebtoken": "^8.5.6",
        "@types/lodash": "^4.14.178",
        "@types/luxon": "^2.0.8",
        "@types/node": "^16.11.3",
        "@typescript-eslint/eslint-plugin": "^5.7.0",
        "@typescript-eslint/parser": "^5.7.0",
        "eslint": "^8.4.1",
        "eslint-config-airbnb-base": "^15.0.0",
        "eslint-config-airbnb-typescript": "^16.1.0",
        "eslint-plugin-import": "^2.25.3",
        "eslint-plugin-jsx-a11y": "^6.5.1",
        "eslint-plugin-prefer-arrow-functions": "^3.1.4",
        "eslint-plugin-unicorn": "^39.0.0",
        "fast-glob": "^3.2.7",
        "grpc-tools": "^1.11.2",
        "jest": "^27.4.5",
        "ts-jest": "^27.1.1",
        "ts-node": "^10.4.0",
        "ts-proto": "github:DavyJohnes/ts-proto#add-service-property-with-build",
        "typescript": "^4.5.4"
      },
      "engines": {
        "node": ">=10.0.0"
      }
    },
    "node_modules/yandex-cloud": {
      "resolved": "..",
      "link": true
    }
  },
  "dependencies": {
    "yandex-cloud": {
      "version": "file:..",
      "requires": {
        "@grpc/grpc-js": "https://gitpkg.now.sh/DavyJohnes/grpc-node/packages/grpc-js?fix-class-options-issue-with-dist",
        "@types/jest": "^27.0.3",
        "@types/jsonwebtoken": "^8.5.6",
        "@types/lodash": "^4.14.178",
        "@types/luxon": "^2.0.8",
        "@types/node": "^16.11.3",
        "@typescript-eslint/eslint-plugin": "^5.7.0",
        "@typescript-eslint/parser": "^5.7.0",
        "eslint": "^8.4.1",
        "eslint-config-airbnb-base": "^15.0.0",
        "eslint-config-airbnb-typescript": "^16.1.0",
        "eslint-plugin-import": "^2.25.3",
        "eslint-plugin-jsx-a11y": "^6.5.1",
        "eslint-plugin-prefer-arrow-functions": "^3.1.4",
        "eslint-plugin-unicorn": "^39.0.0",
        "fast-glob": "^3.2.7",
        "grpc-tools": "^1.11.2",
        "jest": "^27.4.5",
        "jsonwebtoken": "^8.5.1",
        "lodash": "^4.17.21",
        "log4js": "^6.3.0",
        "luxon": "^2.2.0",
        "nice-grpc": "^1.0.4",
        "nice-grpc-client-middleware-deadline": "^1.0.4",
        "node-fetch": "^3.1.0",
        "protobufjs": "^6.8.8",
        "ts-jest": "^27.1.1",
        "ts-node": "^10.4.0",
        "ts-proto": "github:DavyJohnes/ts-proto#add-service-property-with-build",
        "typescript": "^4.5.4",
        "utility-types": "^3.10.0"
      }
    }
  }
}
